
Microsoft Visual Studio Solution File, Format Version 12.00
# Visual Studio Version 17
VisualStudioVersion = 17.0.31903.59
MinimumVisualStudioVersion = 10.0.40219.1
Project("{2150E333-8FDC-42A3-9474-1A3956D46DE8}") = "src", "src", "{B018DDD7-9772-4CFB-8277-56331B29BAB8}"
EndProject
Project("{2150E333-8FDC-42A3-9474-1A3956D46DE8}") = "Modules", "Modules", "{8BEFB6CC-EBB0-4C05-8B93-0DA958576336}"
EndProject
Project("{2150E333-8FDC-42A3-9474-1A3956D46DE8}") = "tests", "tests", "{3F8B63A9-3588-4C61-8957-82C263A53D6D}"
EndProject
Project("{FAE04EC0-301F-11D3-BF4B-00C04F79EFBC}") = "Pos.Modules.Bazaar", "src\Modules\Pos.Modules.Bazaar\Pos.Modules.Bazaar.csproj", "{A729D5C2-7D26-4705-B5B0-435FA2287153}"
EndProject
Project("{FAE04EC0-301F-11D3-BF4B-00C04F79EFBC}") = "Pos.Modules.CashRegister", "src\Modules\Pos.Modules.CashRegister\Pos.Modules.CashRegister.csproj", "{29601304-79C6-401B-A8B2-C593C186806D}"
EndProject
Project("{FAE04EC0-301F-11D3-BF4B-00C04F79EFBC}") = "Pos.Modules.DataTransfer", "src\Modules\Pos.Modules.DataTransfer\Pos.Modules.DataTransfer.csproj", "{A6D1C3E8-7236-449C-A6EB-8F155849C03A}"
EndProject
Project("{FAE04EC0-301F-11D3-BF4B-00C04F79EFBC}") = "Pos.Modules.Hardware", "src\Modules\Pos.Modules.Hardware\Pos.Modules.Hardware.csproj", "{91800581-828B-4077-869C-CEB9DC53DF54}"
EndProject
Project("{FAE04EC0-301F-11D3-BF4B-00C04F79EFBC}") = "Pos.Modules.Inventory", "src\Modules\Pos.Modules.Inventory\Pos.Modules.Inventory.csproj", "{B7D2A79E-939D-4C26-8676-9616FDD378EE}"
EndProject
Project("{FAE04EC0-301F-11D3-BF4B-00C04F79EFBC}") = "Pos.Modules.Invoicing", "src\Modules\Pos.Modules.Invoicing\Pos.Modules.Invoicing.csproj", "{89FF7E35-6874-4CF3-A86B-C7AA305E643A}"
EndProject
Project("{FAE04EC0-301F-11D3-BF4B-00C04F79EFBC}") = "Pos.Modules.Printing", "src\Modules\Pos.Modules.Printing\Pos.Modules.Printing.csproj", "{9D468F9E-2E46-4F8A-B082-AAFB9FC9A1E4}"
EndProject
Project("{FAE04EC0-301F-11D3-BF4B-00C04F79EFBC}") = "Pos.Modules.Products", "src\Modules\Pos.Modules.Products\Pos.Modules.Products.csproj", "{31BB94A5-366D-4E69-94C2-ED91A68FF177}"
EndProject
Project("{FAE04EC0-301F-11D3-BF4B-00C04F79EFBC}") = "Pos.Modules.Sales", "src\Modules\Pos.Modules.Sales\Pos.Modules.Sales.csproj", "{43806885-07CC-4737-AC72-93FA5183ED90}"
EndProject
Project("{FAE04EC0-301F-11D3-BF4B-00C04F79EFBC}") = "Pos.Modules.Users", "src\Modules\Pos.Modules.Users\Pos.Modules.Users.csproj", "{736E17F2-94C4-430B-A217-197554F92F9B}"
EndProject
Project("{FAE04EC0-301F-11D3-BF4B-00C04F79EFBC}") = "Pos.Modules.Verifactu", "src\Modules\Pos.Modules.Verifactu\Pos.Modules.Verifactu.csproj", "{85747EBF-5DF2-4FF8-A465-06010DB16F38}"
EndProject
Project("{FAE04EC0-301F-11D3-BF4B-00C04F79EFBC}") = "Pos.App", "src\Pos.App\Pos.App.csproj", "{4C6CCC74-1AC6-43BE-AAA1-6B41DE80ACE9}"
EndProject
Project("{FAE04EC0-301F-11D3-BF4B-00C04F79EFBC}") = "Pos.Core", "src\Pos.Core\Pos.Core.csproj", "{22558880-FE0C-41E1-99CC-95744EE77A8F}"
EndProject
Project("{FAE04EC0-301F-11D3-BF4B-00C04F79EFBC}") = "Pos.Data", "src\Pos.Data\Pos.Data.csproj", "{6D62B6C7-1D35-4745-97A4-596052CD7AEA}"
EndProject
Project("{FAE04EC0-301F-11D3-BF4B-00C04F79EFBC}") = "Pos.Localization", "src\Pos.Localization\Pos.Localization.csproj", "{1863515C-C7F2-45C1-8C6C-33F0C7D7070D}"
EndProject
Project("{FAE04EC0-301F-11D3-BF4B-00C04F79EFBC}") = "Pos.Core.Tests", "tests\Pos.Core.Tests\Pos.Core.Tests.csproj", "{DC072C3A-4888-4279-B19D-B7322D5B097E}"
EndProject
Project("{FAE04EC0-301F-11D3-BF4B-00C04F79EFBC}") = "Pos.Modules.Tests", "tests\Pos.Modules.Tests\Pos.Modules.Tests.csproj", "{2214E4EC-EA25-45A9-9538-C1D7DFF9D698}"
EndProject
Project("{FAE04EC0-301F-11D3-BF4B-00C04F79EFBC}") = "Pos.App.Tests", "tests\Pos.App.Tests\Pos.App.Tests.csproj", "{B525BE67-75C9-41F4-932E-0C872AEC84E5}"
EndProject
Global
	GlobalSection(SolutionConfigurationPlatforms) = preSolution
		Debug|Any CPU = Debug|Any CPU
		Release|Any CPU = Release|Any CPU
	EndGlobalSection
	GlobalSection(ProjectConfigurationPlatforms) = postSolution
		{A729D5C2-7D26-4705-B5B0-435FA2287153}.Debug|Any CPU.ActiveCfg = Debug|Any CPU
		{A729D5C2-7D26-4705-B5B0-435FA2287153}.Debug|Any CPU.Build.0 = Debug|Any CPU
		{A729D5C2-7D26-4705-B5B0-435FA2287153}.Release|Any CPU.ActiveCfg = Release|Any CPU
		{A729D5C2-7D26-4705-B5B0-435FA2287153}.Release|Any CPU.Build.0 = Release|Any CPU
		{29601304-79C6-401B-A8B2-C593C186806D}.Debug|Any CPU.ActiveCfg = Debug|Any CPU
		{29601304-79C6-401B-A8B2-C593C186806D}.Debug|Any CPU.Build.0 = Debug|Any CPU
		{29601304-79C6-401B-A8B2-C593C186806D}.Release|Any CPU.ActiveCfg = Release|Any CPU
		{29601304-79C6-401B-A8B2-C593C186806D}.Release|Any CPU.Build.0 = Release|Any CPU
		{A6D1C3E8-7236-449C-A6EB-8F155849C03A}.Debug|Any CPU.ActiveCfg = Debug|Any CPU
		{A6D1C3E8-7236-449C-A6EB-8F155849C03A}.Debug|Any CPU.Build.0 = Debug|Any CPU
		{A6D1C3E8-7236-449C-A6EB-8F155849C03A}.Release|Any CPU.ActiveCfg = Release|Any CPU
		{A6D1C3E8-7236-449C-A6EB-8F155849C03A}.Release|Any CPU.Build.0 = Release|Any CPU
		{91800581-828B-4077-869C-CEB9DC53DF54}.Debug|Any CPU.ActiveCfg = Debug|Any CPU
		{91800581-828B-4077-869C-CEB9DC53DF54}.Debug|Any CPU.Build.0 = Debug|Any CPU
		{91800581-828B-4077-869C-CEB9DC53DF54}.Release|Any CPU.ActiveCfg = Release|Any CPU
		{91800581-828B-4077-869C-CEB9DC53DF54}.Release|Any CPU.Build.0 = Release|Any CPU
		{B7D2A79E-939D-4C26-8676-9616FDD378EE}.Debug|Any CPU.ActiveCfg = Debug|Any CPU
		{B7D2A79E-939D-4C26-8676-9616FDD378EE}.Debug|Any CPU.Build.0 = Debug|Any CPU
		{B7D2A79E-939D-4C26-8676-9616FDD378EE}.Release|Any CPU.ActiveCfg = Release|Any CPU
		{B7D2A79E-939D-4C26-8676-9616FDD378EE}.Release|Any CPU.Build.0 = Release|Any CPU
		{89FF7E35-6874-4CF3-A86B-C7AA305E643A}.Debug|Any CPU.ActiveCfg = Debug|Any CPU
		{89FF7E35-6874-4CF3-A86B-C7AA305E643A}.Debug|Any CPU.Build.0 = Debug|Any CPU
		{89FF7E35-6874-4CF3-A86B-C7AA305E643A}.Release|Any CPU.ActiveCfg = Release|Any CPU
		{89FF7E35-6874-4CF3-A86B-C7AA305E643A}.Release|Any CPU.Build.0 = Release|Any CPU
		{9D468F9E-2E46-4F8A-B082-AAFB9FC9A1E4}.Debug|Any CPU.ActiveCfg = Debug|Any CPU
		{9D468F9E-2E46-4F8A-B082-AAFB9FC9A1E4}.Debug|Any CPU.Build.0 = Debug|Any CPU
		{9D468F9E-2E46-4F8A-B082-AAFB9FC9A1E4}.Release|Any CPU.ActiveCfg = Release|Any CPU
		{9D468F9E-2E46-4F8A-B082-AAFB9FC9A1E4}.Release|Any CPU.Build.0 = Release|Any CPU
		{31BB94A5-366D-4E69-94C2-ED91A68FF177}.Debug|Any CPU.ActiveCfg = Debug|Any CPU
		{31BB94A5-366D-4E69-94C2-ED91A68FF177}.Debug|Any CPU.Build.0 = Debug|Any CPU
		{31BB94A5-366D-4E69-94C2-ED91A68FF177}.Release|Any CPU.ActiveCfg = Release|Any CPU
		{31BB94A5-366D-4E69-94C2-ED91A68FF177}.Release|Any CPU.Build.0 = Release|Any CPU
		{43806885-07CC-4737-AC72-93FA5183ED90}.Debug|Any CPU.ActiveCfg = Debug|Any CPU
		{43806885-07CC-4737-AC72-93FA5183ED90}.Debug|Any CPU.Build.0 = Debug|Any CPU
		{43806885-07CC-4737-AC72-93FA5183ED90}.Release|Any CPU.ActiveCfg = Release|Any CPU
		{43806885-07CC-4737-AC72-93FA5183ED90}.Release|Any CPU.Build.0 = Release|Any CPU
		{736E17F2-94C4-430B-A217-197554F92F9B}.Debug|Any CPU.ActiveCfg = Debug|Any CPU
		{736E17F2-94C4-430B-A217-197554F92F9B}.Debug|Any CPU.Build.0 = Debug|Any CPU
		{736E17F2-94C4-430B-A217-197554F92F9B}.Release|Any CPU.ActiveCfg = Release|Any CPU
		{736E17F2-94C4-430B-A217-197554F92F9B}.Release|Any CPU.Build.0 = Release|Any CPU
		{85747EBF-5DF2-4FF8-A465-06010DB16F38}.Debug|Any CPU.ActiveCfg = Debug|Any CPU
		{85747EBF-5DF2-4FF8-A465-06010DB16F38}.Debug|Any CPU.Build.0 = Debug|Any CPU
		{85747EBF-5DF2-4FF8-A465-06010DB16F38}.Release|Any CPU.ActiveCfg = Release|Any CPU
		{85747EBF-5DF2-4FF8-A465-06010DB16F38}.Release|Any CPU.Build.0 = Release|Any CPU
		{4C6CCC74-1AC6-43BE-AAA1-6B41DE80ACE9}.Debug|Any CPU.ActiveCfg = Debug|Any CPU
		{4C6CCC74-1AC6-43BE-AAA1-6B41DE80ACE9}.Debug|Any CPU.Build.0 = Debug|Any CPU
		{4C6CCC74-1AC6-43BE-AAA1-6B41DE80ACE9}.Release|Any CPU.ActiveCfg = Release|Any CPU
		{4C6CCC74-1AC6-43BE-AAA1-6B41DE80ACE9}.Release|Any CPU.Build.0 = Release|Any CPU
		{22558880-FE0C-41E1-99CC-95744EE77A8F}.Debug|Any CPU.ActiveCfg = Debug|Any CPU
		{22558880-FE0C-41E1-99CC-95744EE77A8F}.Debug|Any CPU.Build.0 = Debug|Any CPU
		{22558880-FE0C-41E1-99CC-95744EE77A8F}.Release|Any CPU.ActiveCfg = Release|Any CPU
		{22558880-FE0C-41E1-99CC-95744EE77A8F}.Release|Any CPU.Build.0 = Release|Any CPU
		{6D62B6C7-1D35-4745-97A4-596052CD7AEA}.Debug|Any CPU.ActiveCfg = Debug|Any CPU
		{6D62B6C7-1D35-4745-97A4-596052CD7AEA}.Debug|Any CPU.Build.0 = Debug|Any CPU
		{6D62B6C7-1D35-4745-97A4-596052CD7AEA}.Release|Any CPU.ActiveCfg = Release|Any CPU
		{6D62B6C7-1D35-4745-97A4-596052CD7AEA}.Release|Any CPU.Build.0 = Release|Any CPU
		{1863515C-C7F2-45C1-8C6C-33F0C7D7070D}.Debug|Any CPU.ActiveCfg = Debug|Any CPU
		{1863515C-C7F2-45C1-8C6C-33F0C7D7070D}.Debug|Any CPU.Build.0 = Debug|Any CPU
		{1863515C-C7F2-45C1-8C6C-33F0C7D7070D}.Release|Any CPU.ActiveCfg = Release|Any CPU
		{1863515C-C7F2-45C1-8C6C-33F0C7D7070D}.Release|Any CPU.Build.0 = Release|Any CPU
		{DC072C3A-4888-4279-B19D-B7322D5B097E}.Debug|Any CPU.ActiveCfg = Debug|Any CPU
		{DC072C3A-4888-4279-B19D-B7322D5B097E}.Debug|Any CPU.Build.0 = Debug|Any CPU
		{DC072C3A-4888-4279-B19D-B7322D5B097E}.Release|Any CPU.ActiveCfg = Release|Any CPU
		{DC072C3A-4888-4279-B19D-B7322D5B097E}.Release|Any CPU.Build.0 = Release|Any CPU
		{2214E4EC-EA25-45A9-9538-C1D7DFF9D698}.Debug|Any CPU.ActiveCfg = Debug|Any CPU
		{2214E4EC-EA25-45A9-9538-C1D7DFF9D698}.Debug|Any CPU.Build.0 = Debug|Any CPU
		{2214E4EC-EA25-45A9-9538-C1D7DFF9D698}.Release|Any CPU.ActiveCfg = Release|Any CPU
		{2214E4EC-EA25-45A9-9538-C1D7DFF9D698}.Release|Any CPU.Build.0 = Release|Any CPU
		{B525BE67-75C9-41F4-932E-0C872AEC84E5}.Debug|Any CPU.ActiveCfg = Debug|Any CPU
		{B525BE67-75C9-41F4-932E-0C872AEC84E5}.Debug|Any CPU.Build.0 = Debug|Any CPU
		{B525BE67-75C9-41F4-932E-0C872AEC84E5}.Release|Any CPU.ActiveCfg = Release|Any CPU
		{B525BE67-75C9-41F4-932E-0C872AEC84E5}.Release|Any CPU.Build.0 = Release|Any CPU
	EndGlobalSection
	GlobalSection(SolutionProperties) = preSolution
		HideSolutionNode = FALSE
	EndGlobalSection
	GlobalSection(NestedProjects) = preSolution
		{8BEFB6CC-EBB0-4C05-8B93-0DA958576336} = {B018DDD7-9772-4CFB-8277-56331B29BAB8}
		{A729D5C2-7D26-4705-B5B0-435FA2287153} = {8BEFB6CC-EBB0-4C05-8B93-0DA958576336}
		{29601304-79C6-401B-A8B2-C593C186806D} = {8BEFB6CC-EBB0-4C05-8B93-0DA958576336}
		{A6D1C3E8-7236-449C-A6EB-8F155849C03A} = {8BEFB6CC-EBB0-4C05-8B93-0DA958576336}
		{91800581-828B-4077-869C-CEB9DC53DF54} = {8BEFB6CC-EBB0-4C05-8B93-0DA958576336}
		{B7D2A79E-939D-4C26-8676-9616FDD378EE} = {8BEFB6CC-EBB0-4C05-8B93-0DA958576336}
		{89FF7E35-6874-4CF3-A86B-C7AA305E643A} = {8BEFB6CC-EBB0-4C05-8B93-0DA958576336}
		{9D468F9E-2E46-4F8A-B082-AAFB9FC9A1E4} = {8BEFB6CC-EBB0-4C05-8B93-0DA958576336}
		{31BB94A5-366D-4E69-94C2-ED91A68FF177} = {8BEFB6CC-EBB0-4C05-8B93-0DA958576336}
		{43806885-07CC-4737-AC72-93FA5183ED90} = {8BEFB6CC-EBB0-4C05-8B93-0DA958576336}
		{736E17F2-94C4-430B-A217-197554F92F9B} = {8BEFB6CC-EBB0-4C05-8B93-0DA958576336}
		{85747EBF-5DF2-4FF8-A465-06010DB16F38} = {8BEFB6CC-EBB0-4C05-8B93-0DA958576336}
		{4C6CCC74-1AC6-43BE-AAA1-6B41DE80ACE9} = {B018DDD7-9772-4CFB-8277-56331B29BAB8}
		{22558880-FE0C-41E1-99CC-95744EE77A8F} = {B018DDD7-9772-4CFB-8277-56331B29BAB8}
		{6D62B6C7-1D35-4745-97A4-596052CD7AEA} = {B018DDD7-9772-4CFB-8277-56331B29BAB8}
		{1863515C-C7F2-45C1-8C6C-33F0C7D7070D} = {B018DDD7-9772-4CFB-8277-56331B29BAB8}
		{DC072C3A-4888-4279-B19D-B7322D5B097E} = {3F8B63A9-3588-4C61-8957-82C263A53D6D}
		{2214E4EC-EA25-45A9-9538-C1D7DFF9D698} = {3F8B63A9-3588-4C61-8957-82C263A53D6D}
		{B525BE67-75C9-41F4-932E-0C872AEC84E5} = {3F8B63A9-3588-4C61-8957-82C263A53D6D}
	EndGlobalSection
EndGlobal
